
Microsoft Visual Studio Solution File, Format Version 12.00
# Visual Studio 15
VisualStudioVersion = 15.0.27428.2027
MinimumVisualStudioVersion = 10.0.40219.1
Project("{FAE04EC0-301F-11D3-BF4B-00C04F79EFBC}") = "MinMatlab-G1-2019-I", "MinMatlab-G1-2019-I\MinMatlab-G1-2019-I.csproj", "{D9514571-C836-4AE1-93E0-6B0A93BBCC7C}"
EndProject
Global
	GlobalSection(SolutionConfigurationPlatforms) = preSolution
		Debug|Any CPU = Debug|Any CPU
		Release|Any CPU = Release|Any CPU
	EndGlobalSection
	GlobalSection(ProjectConfigurationPlatforms) = postSolution
		{D9514571-C836-4AE1-93E0-6B0A93BBCC7C}.Debug|Any CPU.ActiveCfg = Debug|Any CPU
		{D9514571-C836-4AE1-93E0-6B0A93BBCC7C}.Debug|Any CPU.Build.0 = Debug|Any CPU
		{D9514571-C836-4AE1-93E0-6B0A93BBCC7C}.Release|Any CPU.ActiveCfg = Release|Any CPU
		{D9514571-C836-4AE1-93E0-6B0A93BBCC7C}.Release|Any CPU.Build.0 = Release|Any CPU
	EndGlobalSection
	GlobalSection(SolutionProperties) = preSolution
		HideSolutionNode = FALSE
	EndGlobalSection
	GlobalSection(ExtensibilityGlobals) = postSolution
		SolutionGuid = {FE8702B4-2DEA-49FD-A9CE-71F3507531A8}
	EndGlobalSection
EndGlobal
